// !$*UTF8*$!
{
	archiveVersion = 1;
	classes = {
	};
	objectVersion = 50;
	objects = {

/* Begin PBXBuildFile section */
		F851BFA32533953B00B3C1FE /* AppDelegate.swift in Sources */ = {isa = PBXBuildFile; fileRef = F851BFA22533953B00B3C1FE /* AppDelegate.swift */; };
		F851BFA52533953B00B3C1FE /* SceneDelegate.swift in Sources */ = {isa = PBXBuildFile; fileRef = F851BFA42533953B00B3C1FE /* SceneDelegate.swift */; };
		F851BFA72533953B00B3C1FE /* ViewController.swift in Sources */ = {isa = PBXBuildFile; fileRef = F851BFA62533953B00B3C1FE /* ViewController.swift */; };
		F851BFAA2533953B00B3C1FE /* Main.storyboard in Resources */ = {isa = PBXBuildFile; fileRef = F851BFA82533953B00B3C1FE /* Main.storyboard */; };
		F851BFAC2533953F00B3C1FE /* Assets.xcassets in Resources */ = {isa = PBXBuildFile; fileRef = F851BFAB2533953F00B3C1FE /* Assets.xcassets */; };
		F851BFAF2533953F00B3C1FE /* LaunchScreen.storyboard in Resources */ = {isa = PBXBuildFile; fileRef = F851BFAD2533953F00B3C1FE /* LaunchScreen.storyboard */; };
		F851BFB72533960E00B3C1FE /* TableViewCell.swift in Sources */ = {isa = PBXBuildFile; fileRef = F851BFB62533960E00B3C1FE /* TableViewCell.swift */; };
		F851BFB92533962200B3C1FE /* TableViewController.swift in Sources */ = {isa = PBXBuildFile; fileRef = F851BFB82533962200B3C1FE /* TableViewController.swift */; };
/* End PBXBuildFile section */

/* Begin PBXFileReference section */
		F851BF9F2533953B00B3C1FE /* HwMusicApp.app */ = {isa = PBXFileReference; explicitFileType = wrapper.application; includeInIndex = 0; path = HwMusicApp.app; sourceTree = BUILT_PRODUCTS_DIR; };
		F851BFA22533953B00B3C1FE /* AppDelegate.swift */ = {isa = PBXFileReference; lastKnownFileType = sourcecode.swift; path = AppDelegate.swift; sourceTree = "<group>"; };
		F851BFA42533953B00B3C1FE /* SceneDelegate.swift */ = {isa = PBXFileReference; lastKnownFileType = sourcecode.swift; path = SceneDelegate.swift; sourceTree = "<group>"; };
		F851BFA62533953B00B3C1FE /* ViewController.swift */ = {isa = PBXFileReference; lastKnownFileType = sourcecode.swift; path = ViewController.swift; sourceTree = "<group>"; };
		F851BFA92533953B00B3C1FE /* Base */ = {isa = PBXFileReference; lastKnownFileType = file.storyboard; name = Base; path = Base.lproj/Main.storyboard; sourceTree = "<group>"; };
		F851BFAB2533953F00B3C1FE /* Assets.xcassets */ = {isa = PBXFileReference; lastKnownFileType = folder.assetcatalog; path = Assets.xcassets; sourceTree = "<group>"; };
		F851BFAE2533953F00B3C1FE /* Base */ = {isa = PBXFileReference; lastKnownFileType = file.storyboard; name = Base; path = Base.lproj/LaunchScreen.storyboard; sourceTree = "<group>"; };
		F851BFB02533953F00B3C1FE /* Info.plist */ = {isa = PBXFileReference; lastKnownFileType = text.plist.xml; path = Info.plist; sourceTree = "<group>"; };
		F851BFB62533960E00B3C1FE /* TableViewCell.swift */ = {isa = PBXFileReference; fileEncoding = 4; lastKnownFileType = sourcecode.swift; path = TableViewCell.swift; sourceTree = "<group>"; };
		F851BFB82533962200B3C1FE /* TableViewController.swift */ = {isa = PBXFileReference; fileEncoding = 4; lastKnownFileType = sourcecode.swift; path = TableViewController.swift; sourceTree = "<group>"; };
/* End PBXFileReference section */

/* Begin PBXFrameworksBuildPhase section */
		F851BF9C2533953B00B3C1FE /* Frameworks */ = {
			isa = PBXFrameworksBuildPhase;
			buildActionMask = 2147483647;
			files = (
			);
			runOnlyForDeploymentPostprocessing = 0;
		};
/* End PBXFrameworksBuildPhase section */

/* Begin PBXGroup section */
		F851BF962533953A00B3C1FE = {
			isa = PBXGroup;
			children = (
				F851BFA12533953B00B3C1FE /* HwMusicApp */,
				F851BFA02533953B00B3C1FE /* Products */,
			);
			sourceTree = "<group>";
		};
		F851BFA02533953B00B3C1FE /* Products */ = {
			isa = PBXGroup;
			children = (
				F851BF9F2533953B00B3C1FE /* HwMusicApp.app */,
			);
			name = Products;
			sourceTree = "<group>";
		};
		F851BFA12533953B00B3C1FE /* HwMusicApp */ = {
			isa = PBXGroup;
			children = (
				F851BFA22533953B00B3C1FE /* AppDelegate.swift */,
				F851BFA42533953B00B3C1FE /* SceneDelegate.swift */,
				F851BFA62533953B00B3C1FE /* ViewController.swift */,
				F851BFA82533953B00B3C1FE /* Main.storyboard */,
				F851BFB62533960E00B3C1FE /* TableViewCell.swift */,
				F851BFB82533962200B3C1FE /* TableViewController.swift */,
				F851BFAB2533953F00B3C1FE /* Assets.xcassets */,
				F851BFAD2533953F00B3C1FE /* LaunchScreen.storyboard */,
				F851BFB02533953F00B3C1FE /* Info.plist */,
			);
			path = HwMusicApp;
			sourceTree = "<group>";
		};
/* End PBXGroup section */

/* Begin PBXNativeTarget section */
		F851BF9E2533953B00B3C1FE /* HwMusicApp */ = {
			isa = PBXNativeTarget;
			buildConfigurationList = F851BFB32533953F00B3C1FE /* Build configuration list for PBXNativeTarget "HwMusicApp" */;
			buildPhases = (
				F851BF9B2533953B00B3C1FE /* Sources */,
				F851BF9C2533953B00B3C1FE /* Frameworks */,
				F851BF9D2533953B00B3C1FE /* Resources */,
			);
			buildRules = (
			);
			dependencies = (
			);
			name = HwMusicApp;
			productName = HwMusicApp;
			productReference = F851BF9F2533953B00B3C1FE /* HwMusicApp.app */;
			productType = "com.apple.product-type.application";
		};
/* End PBXNativeTarget section */

/* Begin PBXProject section */
		F851BF972533953A00B3C1FE /* Project object */ = {
			isa = PBXProject;
			attributes = {
				LastSwiftUpdateCheck = 1150;
				LastUpgradeCheck = 1150;
				ORGANIZATIONNAME = ghanima;
				TargetAttributes = {
					F851BF9E2533953B00B3C1FE = {
						CreatedOnToolsVersion = 11.5;
					};
				};
			};
			buildConfigurationList = F851BF9A2533953A00B3C1FE /* Build configuration list for PBXProject "HwMusicApp" */;
			compatibilityVersion = "Xcode 9.3";
			developmentRegion = en;
			hasScannedForEncodings = 0;
			knownRegions = (
				en,
				Base,
			);
			mainGroup = F851BF962533953A00B3C1FE;
			productRefGroup = F851BFA02533953B00B3C1FE /* Products */;
			projectDirPath = "";
			projectRoot = "";
			targets = (
				F851BF9E2533953B00B3C1FE /* HwMusicApp */,
			);
		};
/* End PBXProject section */

/* Begin PBXResourcesBuildPhase section */
		F851BF9D2533953B00B3C1FE /* Resources */ = {
			isa = PBXResourcesBuildPhase;
			buildActionMask = 2147483647;
			files = (
				F851BFAF2533953F00B3C1FE /* LaunchScreen.storyboard in Resources */,
				F851BFAC2533953F00B3C1FE /* Assets.xcassets in Resources */,
				F851BFAA2533953B00B3C1FE /* Main.storyboard in Resources */,
			);
			runOnlyForDeploymentPostprocessing = 0;
		};
/* End PBXResourcesBuildPhase section */

/* Begin PBXSourcesBuildPhase section */
		F851BF9B2533953B00B3C1FE /* Sources */ = {
			isa = PBXSourcesBuildPhase;
			buildActionMask = 2147483647;
			files = (
				F851BFA72533953B00B3C1FE /* ViewController.swift in Sources */,
				F851BFB72533960E00B3C1FE /* TableViewCell.swift in Sources */,
				F851BFA32533953B00B3C1FE /* AppDelegate.swift in Sources */,
				F851BFB92533962200B3C1FE /* TableViewController.swift in Sources */,
				F851BFA52533953B00B3C1FE /* SceneDelegate.swift in Sources */,
			);
			runOnlyForDeploymentPostprocessing = 0;
		};
/* End PBXSourcesBuildPhase section */

/* Begin PBXVariantGroup section */
		F851BFA82533953B00B3C1FE /* Main.storyboard */ = {
			isa = PBXVariantGroup;
			children = (
				F851BFA92533953B00B3C1FE /* Base */,
			);
			name = Main.storyboard;
			sourceTree = "<group>";
		};
		F851BFAD2533953F00B3C1FE /* LaunchScreen.storyboard */ = {
			isa = PBXVariantGroup;
			children = (
				F851BFAE2533953F00B3C1FE /* Base */,
			);
			name = LaunchScreen.storyboard;
			sourceTree = "<group>";
		};
/* End PBXVariantGroup section */

/* Begin XCBuildConfiguration section */
		F851BFB12533953F00B3C1FE /* Debug */ = {
			isa = XCBuildConfiguration;
			buildSettings = {
				ALWAYS_SEARCH_USER_PATHS = NO;
				CLANG_ANALYZER_NONNULL = YES;
				CLANG_ANALYZER_NUMBER_OBJECT_CONVERSION = YES_AGGRESSIVE;
				CLANG_CXX_LANGUAGE_STANDARD = "gnu++14";
				CLANG_CXX_LIBRARY = "libc++";
				CLANG_ENABLE_MODULES = YES;
				CLANG_ENABLE_OBJC_ARC = YES;
				CLANG_ENABLE_OBJC_WEAK = YES;
				CLANG_WARN_BLOCK_CAPTURE_AUTORELEASING = YES;
				CLANG_WARN_BOOL_CONVERSION = YES;
				CLANG_WARN_COMMA = YES;
				CLANG_WARN_CONSTANT_CONVERSION = YES;
				CLANG_WARN_DEPRECATED_OBJC_IMPLEMENTATIONS = YES;
				CLANG_WARN_DIRECT_OBJC_ISA_USAGE = YES_ERROR;
				CLANG_WARN_DOCUMENTATION_COMMENTS = YES;
				CLANG_WARN_EMPTY_BODY = YES;
				CLANG_WARN_ENUM_CONVERSION = YES;
				CLANG_WARN_INFINITE_RECURSION = YES;
				CLANG_WARN_INT_CONVERSION = YES;
				CLANG_WARN_NON_LITERAL_NULL_CONVERSION = YES;
				CLANG_WARN_OBJC_IMPLICIT_RETAIN_SELF = YES;
				CLANG_WARN_OBJC_LITERAL_CONVERSION = YES;
				CLANG_WARN_OBJC_ROOT_CLASS = YES_ERROR;
				CLANG_WARN_RANGE_LOOP_ANALYSIS = YES;
				CLANG_WARN_STRICT_PROTOTYPES = YES;
				CLANG_WARN_SUSPICIOUS_MOVE = YES;
				CLANG_WARN_UNGUARDED_AVAILABILITY = YES_AGGRESSIVE;
				CLANG_WARN_UNREACHABLE_CODE = YES;
				CLANG_WARN__DUPLICATE_METHOD_MATCH = YES;
				COPY_PHASE_STRIP = NO;
				DEBUG_INFORMATION_FORMAT = dwarf;
				ENABLE_STRICT_OBJC_MSGSEND = YES;
				ENABLE_TESTABILITY = YES;
				GCC_C_LANGUAGE_STANDARD = gnu11;
				GCC_DYNAMIC_NO_PIC = NO;
				GCC_NO_COMMON_BLOCKS = YES;
				GCC_OPTIMIZATION_LEVEL = 0;
				GCC_PREPROCESSOR_DEFINITIONS = (
					"DEBUG=1",
					"$(inherited)",
				);
				GCC_WARN_64_TO_32_BIT_CONVERSION = YES;
				GCC_WARN_ABOUT_RETURN_TYPE = YES_ERROR;
				GCC_WARN_UNDECLARED_SELECTOR = YES;
				GCC_WARN_UNINITIALIZED_AUTOS = YES_AGGRESSIVE;
				GCC_WARN_UNUSED_FUNCTION = YES;
				GCC_WARN_UNUSED_VARIABLE = YES;
				IPHONEOS_DEPLOYMENT_TARGET = 13.5;
				MTL_ENABLE_DEBUG_INFO = INCLUDE_SOURCE;
				MTL_FAST_MATH = YES;
				ONLY_ACTIVE_ARCH = YES;
				SDKROOT = iphoneos;
				SWIFT_ACTIVE_COMPILATION_CONDITIONS = DEBUG;
				SWIFT_OPTIMIZATION_LEVEL = "-Onone";
			};
			name = Debug;
		};
		F851BFB22533953F00B3C1FE /* Release */ = {
			isa = XCBuildConfiguration;
			buildSettings = {
				ALWAYS_SEARCH_USER_PATHS = NO;
				CLANG_ANALYZER_NONNULL = YES;
				CLANG_ANALYZER_NUMBER_OBJECT_CONVERSION = YES_AGGRESSIVE;
				CLANG_CXX_LANGUAGE_STANDARD = "gnu++14";
				CLANG_CXX_LIBRARY = "libc++";
				CLANG_ENABLE_MODULES = YES;
				CLANG_ENABLE_OBJC_ARC = YES;
				CLANG_ENABLE_OBJC_WEAK = YES;
				CLANG_WARN_BLOCK_CAPTURE_AUTORELEASING = YES;
				CLANG_WARN_BOOL_CONVERSION = YES;
				CLANG_WARN_COMMA = YES;
				CLANG_WARN_CONSTANT_CONVERSION = YES;
				CLANG_WARN_DEPRECATED_OBJC_IMPLEMENTATIONS = YES;
				CLANG_WARN_DIRECT_OBJC_ISA_USAGE = YES_ERROR;
				CLANG_WARN_DOCUMENTATION_COMMENTS = YES;
				CLANG_WARN_EMPTY_BODY = YES;
				CLANG_WARN_ENUM_CONVERSION = YES;
				CLANG_WARN_INFINITE_RECURSION = YES;
				CLANG_WARN_INT_CONVERSION = YES;
				CLANG_WARN_NON_LITERAL_NULL_CONVERSION = YES;
				CLANG_WARN_OBJC_IMPLICIT_RETAIN_SELF = YES;
				CLANG_WARN_OBJC_LITERAL_CONVERSION = YES;
				CLANG_WARN_OBJC_ROOT_CLASS = YES_ERROR;
				CLANG_WARN_RANGE_LOOP_ANALYSIS = YES;
				CLANG_WARN_STRICT_PROTOTYPES = YES;
				CLANG_WARN_SUSPICIOUS_MOVE = YES;
				CLANG_WARN_UNGUARDED_AVAILABILITY = YES_AGGRESSIVE;
				CLANG_WARN_UNREACHABLE_CODE = YES;
				CLANG_WARN__DUPLICATE_METHOD_MATCH = YES;
				COPY_PHASE_STRIP = NO;
				DEBUG_INFORMATION_FORMAT = "dwarf-with-dsym";
				ENABLE_NS_ASSERTIONS = NO;
				ENABLE_STRICT_OBJC_MSGSEND = YES;
				GCC_C_LANGUAGE_STANDARD = gnu11;
				GCC_NO_COMMON_BLOCKS = YES;
				GCC_WARN_64_TO_32_BIT_CONVERSION = YES;
				GCC_WARN_ABOUT_RETURN_TYPE = YES_ERROR;
				GCC_WARN_UNDECLARED_SELECTOR = YES;
				GCC_WARN_UNINITIALIZED_AUTOS = YES_AGGRESSIVE;
				GCC_WARN_UNUSED_FUNCTION = YES;
				GCC_WARN_UNUSED_VARIABLE = YES;
				IPHONEOS_DEPLOYMENT_TARGET = 13.5;
				MTL_ENABLE_DEBUG_INFO = NO;
				MTL_FAST_MATH = YES;
				SDKROOT = iphoneos;
				SWIFT_COMPILATION_MODE = wholemodule;
				SWIFT_OPTIMIZATION_LEVEL = "-O";
				VALIDATE_PRODUCT = YES;
			};
			name = Release;
		};
		F851BFB42533953F00B3C1FE /* Debug */ = {
			isa = XCBuildConfiguration;
			buildSettings = {
				ASSETCATALOG_COMPILER_APPICON_NAME = AppIcon;
				CODE_SIGN_STYLE = Automatic;
				INFOPLIST_FILE = HwMusicApp/Info.plist;
				LD_RUNPATH_SEARCH_PATHS = (
					"$(inherited)",
					"@executable_path/Frameworks",
				);
				PRODUCT_BUNDLE_IDENTIFIER = com.kuwaitcodes.HwMusicApp;
				PRODUCT_NAME = "$(TARGET_NAME)";
				SWIFT_VERSION = 5.0;
				TARGETED_DEVICE_FAMILY = "1,2";
			};
			name = Debug;
		};
		F851BFB52533953F00B3C1FE /* Release */ = {
			isa = XCBuildConfiguration;
			buildSettings = {
				ASSETCATALOG_COMPILER_APPICON_NAME = AppIcon;
				CODE_SIGN_STYLE = Automatic;
				INFOPLIST_FILE = HwMusicApp/Info.plist;
				LD_RUNPATH_SEARCH_PATHS = (
					"$(inherited)",
					"@executable_path/Frameworks",
				);
				PRODUCT_BUNDLE_IDENTIFIER = com.kuwaitcodes.HwMusicApp;
				PRODUCT_NAME = "$(TARGET_NAME)";
				SWIFT_VERSION = 5.0;
				TARGETED_DEVICE_FAMILY = "1,2";
			};
			name = Release;
		};
/* End XCBuildConfiguration section */

/* Begin XCConfigurationList section */
		F851BF9A2533953A00B3C1FE /* Build configuration list for PBXProject "HwMusicApp" */ = {
			isa = XCConfigurationList;
			buildConfigurations = (
				F851BFB12533953F00B3C1FE /* Debug */,
				F851BFB22533953F00B3C1FE /* Release */,
			);
			defaultConfigurationIsVisible = 0;
			defaultConfigurationName = Release;
		};
		F851BFB32533953F00B3C1FE /* Build configuration list for PBXNativeTarget "HwMusicApp" */ = {
			isa = XCConfigurationList;
			buildConfigurations = (
				F851BFB42533953F00B3C1FE /* Debug */,
				F851BFB52533953F00B3C1FE /* Release */,
			);
			defaultConfigurationIsVisible = 0;
			defaultConfigurationName = Release;
		};
/* End XCConfigurationList section */
	};
	rootObject = F851BF972533953A00B3C1FE /* Project object */;
}
